
Microsoft Visual Studio Solution File, Format Version 12.00
# Visual Studio Version 16
VisualStudioVersion = 16.0.30204.135
MinimumVisualStudioVersion = 10.0.40219.1
Project("{FAE04EC0-301F-11D3-BF4B-00C04F79EFBC}") = "Searchcsgofiles", "Searchcsgofiles.csproj", "{771BE89D-3EDD-4168-832B-598A021AB3F9}"
EndProject
Global
	GlobalSection(SolutionConfigurationPlatforms) = preSolution
		Debug|Any CPU = Debug|Any CPU
		Release|Any CPU = Release|Any CPU
	EndGlobalSection
	GlobalSection(ProjectConfigurationPlatforms) = postSolution
		{771BE89D-3EDD-4168-832B-598A021AB3F9}.Debug|Any CPU.ActiveCfg = Debug|Any CPU
		{771BE89D-3EDD-4168-832B-598A021AB3F9}.Debug|Any CPU.Build.0 = Debug|Any CPU
		{771BE89D-3EDD-4168-832B-598A021AB3F9}.Release|Any CPU.ActiveCfg = Release|Any CPU
		{771BE89D-3EDD-4168-832B-598A021AB3F9}.Release|Any CPU.Build.0 = Release|Any CPU
	EndGlobalSection
	GlobalSection(SolutionProperties) = preSolution
		HideSolutionNode = FALSE
	EndGlobalSection
	GlobalSection(ExtensibilityGlobals) = postSolution
		SolutionGuid = {86C2D4E2-30EB-43D7-8D62-62D539E29484}
	EndGlobalSection
EndGlobal
